# This file is generated by running "yarn install" inside your project.
# Manual changes might be lost - proceed with caution!

__metadata:
  version: 6
  cacheKey: 8

"confusing-browser-globals@npm:^1.0.10":
  version: 1.0.11
  resolution: "confusing-browser-globals@npm:1.0.11"
  checksum: 3afc635abd37e566477f610e7978b15753f0e84025c25d49236f1f14d480117185516bdd40d2a2167e6bed8048641a9854964b9c067e3dcdfa6b5d0ad3c3a5ef
  languageName: node
  linkType: hard

"eslint-config-react-app@npm:6":
  version: 6.0.0
  resolution: "eslint-config-react-app@npm:6.0.0"
  dependencies:
    confusing-browser-globals: ^1.0.10
  peerDependencies:
    "@typescript-eslint/eslint-plugin": ^4.0.0
    "@typescript-eslint/parser": ^4.0.0
    babel-eslint: ^10.0.0
    eslint: ^7.5.0
    eslint-plugin-flowtype: ^5.2.0
    eslint-plugin-import: ^2.22.0
    eslint-plugin-jest: ^24.0.0
    eslint-plugin-jsx-a11y: ^6.3.1
    eslint-plugin-react: ^7.20.3
    eslint-plugin-react-hooks: ^4.0.8
    eslint-plugin-testing-library: ^3.9.0
  peerDependenciesMeta:
    eslint-plugin-jest:
      optional: true
    eslint-plugin-testing-library:
      optional: true
  checksum: b265852455b1c10e9c5f0cebe199306fffc7f8e1b6548fcb0bccdc4415c288dfee8ab10717122a32275b91130dfb482dcbbc87d2fb79d8728d4c2bfa889f0915
  languageName: node
  linkType: hard

"learn-react@workspace:.":
  version: 0.0.0-use.local
  resolution: "learn-react@workspace:."
  dependencies:
    eslint-config-react-app: 6
  languageName: unknown
  linkType: soft
